PODS:
  - SVProgressHUD (2.2.5)
  - Zip (1.1.0)

DEPENDENCIES:
  - SVProgressHUD (= 2.2.5)
  - Zip (= 1.1.0)

SPEC REPOS:
  https://github.com/cocoapods/specs.git:
    - SVProgressHUD
    - Zip

SPEC CHECKSUMS:
  SVProgressHUD: 1428aafac632c1f86f62aa4243ec12008d7a51d6
  Zip: 8877eede3dda76bcac281225c20e71c25270774c

PODFILE CHECKSUM: 85a8f91c26db41d099abe4bd1288edf238bcc10d

COCOAPODS: 1.5.3
