// !$*UTF8*$!
{
	archiveVersion = 1;
	classes = {
	};
	objectVersion = 50;
	objects = {

/* Begin PBXBuildFile section */
		2D55A8556036E5F92222E213 /* Pods_PDFToKeynote.framework in Frameworks */ = {isa = PBXBuildFile; fileRef = 13B24480D71B5F0564439EC4 /* Pods_PDFToKeynote.framework */; };
		3228E9F4225ABC4B005F923D /* PDFKit.framework in Frameworks */ = {isa = PBXBuildFile; fileRef = 3228E9F3225ABC4B005F923D /* PDFKit.framework */; };
		323F1452225B260A007D3DB3 /* ChromaShadeSlider.swift in Sources */ = {isa = PBXBuildFile; fileRef = 323F144C225B260A007D3DB3 /* ChromaShadeSlider.swift */; };
		323F1453225B260A007D3DB3 /* UIColor+Utilities.swift in Sources */ = {isa = PBXBuildFile; fileRef = 323F144D225B260A007D3DB3 /* UIColor+Utilities.swift */; };
		323F1454225B260A007D3DB3 /* ChromaColorPicker.swift in Sources */ = {isa = PBXBuildFile; fileRef = 323F144E225B260A007D3DB3 /* ChromaColorPicker.swift */; };
		323F1455225B260A007D3DB3 /* ColorModeToggleButton.swift in Sources */ = {isa = PBXBuildFile; fileRef = 323F144F225B260A007D3DB3 /* ColorModeToggleButton.swift */; };
		323F1456225B260A007D3DB3 /* ChromaHandle.swift in Sources */ = {isa = PBXBuildFile; fileRef = 323F1450225B260A007D3DB3 /* ChromaHandle.swift */; };
		323F1457225B260A007D3DB3 /* ChromaAddButton.swift in Sources */ = {isa = PBXBuildFile; fileRef = 323F1451225B260A007D3DB3 /* ChromaAddButton.swift */; };
		323F1460225B3872007D3DB3 /* PopoverViewController.swift in Sources */ = {isa = PBXBuildFile; fileRef = 323F145F225B3872007D3DB3 /* PopoverViewController.swift */; };
		323F1462225B39FE007D3DB3 /* AddWidthHeightViewController.swift in Sources */ = {isa = PBXBuildFile; fileRef = 323F1461225B39FE007D3DB3 /* AddWidthHeightViewController.swift */; };
		323F1465225B3D8C007D3DB3 /* UITextField+Shake.m in Sources */ = {isa = PBXBuildFile; fileRef = 323F1464225B3D8C007D3DB3 /* UITextField+Shake.m */; };
		323F146D225B424E007D3DB3 /* Acknowledgement.swift in Sources */ = {isa = PBXBuildFile; fileRef = 323F1469225B424E007D3DB3 /* Acknowledgement.swift */; };
		323F146E225B424E007D3DB3 /* AcknowledgementViewController.swift in Sources */ = {isa = PBXBuildFile; fileRef = 323F146A225B424E007D3DB3 /* AcknowledgementViewController.swift */; };
		323F146F225B424E007D3DB3 /* AcknowledgementsTableViewController.swift in Sources */ = {isa = PBXBuildFile; fileRef = 323F146B225B424E007D3DB3 /* AcknowledgementsTableViewController.swift */; };
		323F1470225B424E007D3DB3 /* UIFontDescriptorExtensions.swift in Sources */ = {isa = PBXBuildFile; fileRef = 323F146C225B424E007D3DB3 /* UIFontDescriptorExtensions.swift */; };
		323F1472225B427E007D3DB3 /* Acknowledgements.plist in Resources */ = {isa = PBXBuildFile; fileRef = 323F1471225B427E007D3DB3 /* Acknowledgements.plist */; };
		32BEB7B2225AE12F00F51B0F /* Extensions.swift in Sources */ = {isa = PBXBuildFile; fileRef = 32BEB7B1225AE12F00F51B0F /* Extensions.swift */; };
		32D4BAB8225C03120030852A /* ConfigurationViewController.swift in Sources */ = {isa = PBXBuildFile; fileRef = 32D4BAB7225C03120030852A /* ConfigurationViewController.swift */; };
		32D4BABA225C09210030852A /* ConverterFloatingPanelLayout.swift in Sources */ = {isa = PBXBuildFile; fileRef = 32D4BAB9225C09210030852A /* ConverterFloatingPanelLayout.swift */; };
		32D4BABC225C0AFE0030852A /* Converter.swift in Sources */ = {isa = PBXBuildFile; fileRef = 32D4BABB225C0AFE0030852A /* Converter.swift */; };
		32D9A0D9225AB93500AEC14B /* AppDelegate.swift in Sources */ = {isa = PBXBuildFile; fileRef = 32D9A0D8225AB93500AEC14B /* AppDelegate.swift */; };
		32D9A0DB225AB93500AEC14B /* DocumentBrowserViewController.swift in Sources */ = {isa = PBXBuildFile; fileRef = 32D9A0DA225AB93500AEC14B /* DocumentBrowserViewController.swift */; };
		32D9A0DD225AB93500AEC14B /* DocumentViewController.swift in Sources */ = {isa = PBXBuildFile; fileRef = 32D9A0DC225AB93500AEC14B /* DocumentViewController.swift */; };
		32D9A0DF225AB93500AEC14B /* Document.swift in Sources */ = {isa = PBXBuildFile; fileRef = 32D9A0DE225AB93500AEC14B /* Document.swift */; };
		32D9A0E2225AB93500AEC14B /* Main.storyboard in Resources */ = {isa = PBXBuildFile; fileRef = 32D9A0E0225AB93500AEC14B /* Main.storyboard */; };
		32D9A0E4225AB93700AEC14B /* Assets.xcassets in Resources */ = {isa = PBXBuildFile; fileRef = 32D9A0E3225AB93700AEC14B /* Assets.xcassets */; };
		32D9A0E7225AB93700AEC14B /* LaunchScreen.storyboard in Resources */ = {isa = PBXBuildFile; fileRef = 32D9A0E5225AB93700AEC14B /* LaunchScreen.storyboard */; };
		32D9A0F1225ABAAB00AEC14B /* template_content.txt in Resources */ = {isa = PBXBuildFile; fileRef = 32D9A0EE225ABAAB00AEC14B /* template_content.txt */; };
		32D9A0F2225ABAAB00AEC14B /* template_ending.txt in Resources */ = {isa = PBXBuildFile; fileRef = 32D9A0EF225ABAAB00AEC14B /* template_ending.txt */; };
		32D9A0F3225ABAAB00AEC14B /* template_beginning.txt in Resources */ = {isa = PBXBuildFile; fileRef = 32D9A0F0225ABAAB00AEC14B /* template_beginning.txt */; };
/* End PBXBuildFile section */

/* Begin PBXFileReference section */
		13B24480D71B5F0564439EC4 /* Pods_PDFToKeynote.framework */ = {isa = PBXFileReference; explicitFileType = wrapper.framework; includeInIndex = 0; path = Pods_PDFToKeynote.framework; sourceTree = BUILT_PRODUCTS_DIR; };
		3228E9F3225ABC4B005F923D /* PDFKit.framework */ = {isa = PBXFileReference; lastKnownFileType = wrapper.framework; name = PDFKit.framework; path = System/Library/Frameworks/PDFKit.framework; sourceTree = SDKROOT; };
		323F144C225B260A007D3DB3 /* ChromaShadeSlider.swift */ = {isa = PBXFileReference; fileEncoding = 4; lastKnownFileType = sourcecode.swift; path = ChromaShadeSlider.swift; sourceTree = "<group>"; };
		323F144D225B260A007D3DB3 /* UIColor+Utilities.swift */ = {isa = PBXFileReference; fileEncoding = 4; lastKnownFileType = sourcecode.swift; path = "UIColor+Utilities.swift"; sourceTree = "<group>"; };
		323F144E225B260A007D3DB3 /* ChromaColorPicker.swift */ = {isa = PBXFileReference; fileEncoding = 4; lastKnownFileType = sourcecode.swift; path = ChromaColorPicker.swift; sourceTree = "<group>"; };
		323F144F225B260A007D3DB3 /* ColorModeToggleButton.swift */ = {isa = PBXFileReference; fileEncoding = 4; lastKnownFileType = sourcecode.swift; path = ColorModeToggleButton.swift; sourceTree = "<group>"; };
		323F1450225B260A007D3DB3 /* ChromaHandle.swift */ = {isa = PBXFileReference; fileEncoding = 4; lastKnownFileType = sourcecode.swift; path = ChromaHandle.swift; sourceTree = "<group>"; };
		323F1451225B260A007D3DB3 /* ChromaAddButton.swift */ = {isa = PBXFileReference; fileEncoding = 4; lastKnownFileType = sourcecode.swift; path = ChromaAddButton.swift; sourceTree = "<group>"; };
		323F1458225B2CEF007D3DB3 /* PDFToKeynote-Bridging-Header.h */ = {isa = PBXFileReference; lastKnownFileType = sourcecode.c.h; path = "PDFToKeynote-Bridging-Header.h"; sourceTree = "<group>"; };
		323F145F225B3872007D3DB3 /* PopoverViewController.swift */ = {isa = PBXFileReference; lastKnownFileType = sourcecode.swift; name = PopoverViewController.swift; path = /Volumes/SSD/blue/Repos/PDFToKeynote/PDFToKeynote/PopoverViewController.swift; sourceTree = "<absolute>"; };
		323F1461225B39FE007D3DB3 /* AddWidthHeightViewController.swift */ = {isa = PBXFileReference; lastKnownFileType = sourcecode.swift; path = AddWidthHeightViewController.swift; sourceTree = "<group>"; };
		323F1463225B3D8C007D3DB3 /* UITextField+Shake.h */ = {isa = PBXFileReference; fileEncoding = 4; lastKnownFileType = sourcecode.c.h; path = "UITextField+Shake.h"; sourceTree = "<group>"; };
		323F1464225B3D8C007D3DB3 /* UITextField+Shake.m */ = {isa = PBXFileReference; fileEncoding = 4; lastKnownFileType = sourcecode.c.objc; path = "UITextField+Shake.m"; sourceTree = "<group>"; };
		323F1469225B424E007D3DB3 /* Acknowledgement.swift */ = {isa = PBXFileReference; fileEncoding = 4; lastKnownFileType = sourcecode.swift; path = Acknowledgement.swift; sourceTree = "<group>"; };
		323F146A225B424E007D3DB3 /* AcknowledgementViewController.swift */ = {isa = PBXFileReference; fileEncoding = 4; lastKnownFileType = sourcecode.swift; path = AcknowledgementViewController.swift; sourceTree = "<group>"; };
		323F146B225B424E007D3DB3 /* AcknowledgementsTableViewController.swift */ = {isa = PBXFileReference; fileEncoding = 4; lastKnownFileType = sourcecode.swift; path = AcknowledgementsTableViewController.swift; sourceTree = "<group>"; };
		323F146C225B424E007D3DB3 /* UIFontDescriptorExtensions.swift */ = {isa = PBXFileReference; fileEncoding = 4; lastKnownFileType = sourcecode.swift; path = UIFontDescriptorExtensions.swift; sourceTree = "<group>"; };
		323F1471225B427E007D3DB3 /* Acknowledgements.plist */ = {isa = PBXFileReference; fileEncoding = 4; lastKnownFileType = text.plist.xml; path = Acknowledgements.plist; sourceTree = "<group>"; };
		32BEB7B1225AE12F00F51B0F /* Extensions.swift */ = {isa = PBXFileReference; lastKnownFileType = sourcecode.swift; path = Extensions.swift; sourceTree = "<group>"; };
		32D4BAB7225C03120030852A /* ConfigurationViewController.swift */ = {isa = PBXFileReference; lastKnownFileType = sourcecode.swift; path = ConfigurationViewController.swift; sourceTree = "<group>"; };
		32D4BAB9225C09210030852A /* ConverterFloatingPanelLayout.swift */ = {isa = PBXFileReference; lastKnownFileType = sourcecode.swift; path = ConverterFloatingPanelLayout.swift; sourceTree = "<group>"; };
		32D4BABB225C0AFE0030852A /* Converter.swift */ = {isa = PBXFileReference; lastKnownFileType = sourcecode.swift; name = Converter.swift; path = /Volumes/SSD/blue/Repos/PDFToKeynote/PDFToKeynote/Converter.swift; sourceTree = "<absolute>"; };
		32D9A0D5225AB93500AEC14B /* PDFToKeynote.app */ = {isa = PBXFileReference; explicitFileType = wrapper.application; includeInIndex = 0; path = PDFToKeynote.app; sourceTree = BUILT_PRODUCTS_DIR; };
		32D9A0D8225AB93500AEC14B /* AppDelegate.swift */ = {isa = PBXFileReference; lastKnownFileType = sourcecode.swift; path = AppDelegate.swift; sourceTree = "<group>"; };
		32D9A0DA225AB93500AEC14B /* DocumentBrowserViewController.swift */ = {isa = PBXFileReference; lastKnownFileType = sourcecode.swift; path = DocumentBrowserViewController.swift; sourceTree = "<group>"; };
		32D9A0DC225AB93500AEC14B /* DocumentViewController.swift */ = {isa = PBXFileReference; lastKnownFileType = sourcecode.swift; path = DocumentViewController.swift; sourceTree = "<group>"; };
		32D9A0DE225AB93500AEC14B /* Document.swift */ = {isa = PBXFileReference; lastKnownFileType = sourcecode.swift; path = Document.swift; sourceTree = "<group>"; };
		32D9A0E1225AB93500AEC14B /* Base */ = {isa = PBXFileReference; lastKnownFileType = file.storyboard; name = Base; path = Base.lproj/Main.storyboard; sourceTree = "<group>"; };
		32D9A0E3225AB93700AEC14B /* Assets.xcassets */ = {isa = PBXFileReference; lastKnownFileType = folder.assetcatalog; path = Assets.xcassets; sourceTree = "<group>"; };
		32D9A0E6225AB93700AEC14B /* Base */ = {isa = PBXFileReference; lastKnownFileType = file.storyboard; name = Base; path = Base.lproj/LaunchScreen.storyboard; sourceTree = "<group>"; };
		32D9A0E8225AB93700AEC14B /* Info.plist */ = {isa = PBXFileReference; lastKnownFileType = text.plist.xml; path = Info.plist; sourceTree = "<group>"; };
		32D9A0EE225ABAAB00AEC14B /* template_content.txt */ = {isa = PBXFileReference; fileEncoding = 4; lastKnownFileType = text; path = template_content.txt; sourceTree = "<group>"; };
		32D9A0EF225ABAAB00AEC14B /* template_ending.txt */ = {isa = PBXFileReference; fileEncoding = 4; lastKnownFileType = text; path = template_ending.txt; sourceTree = "<group>"; };
		32D9A0F0225ABAAB00AEC14B /* template_beginning.txt */ = {isa = PBXFileReference; fileEncoding = 4; lastKnownFileType = text; path = template_beginning.txt; sourceTree = "<group>"; };
		3B6F695D52E13E08A70619DA /* Pods-PDFToKeynote.release.xcconfig */ = {isa = PBXFileReference; includeInIndex = 1; lastKnownFileType = text.xcconfig; name = "Pods-PDFToKeynote.release.xcconfig"; path = "Pods/Target Support Files/Pods-PDFToKeynote/Pods-PDFToKeynote.release.xcconfig"; sourceTree = "<group>"; };
		9A9AFBF59FCC80F55919B9C1 /* Pods-PDFToKeynote.debug.xcconfig */ = {isa = PBXFileReference; includeInIndex = 1; lastKnownFileType = text.xcconfig; name = "Pods-PDFToKeynote.debug.xcconfig"; path = "Pods/Target Support Files/Pods-PDFToKeynote/Pods-PDFToKeynote.debug.xcconfig"; sourceTree = "<group>"; };
/* End PBXFileReference section */

/* Begin PBXFrameworksBuildPhase section */
		32D9A0D2225AB93500AEC14B /* Frameworks */ = {
			isa = PBXFrameworksBuildPhase;
			buildActionMask = 2147483647;
			files = (
				3228E9F4225ABC4B005F923D /* PDFKit.framework in Frameworks */,
				2D55A8556036E5F92222E213 /* Pods_PDFToKeynote.framework in Frameworks */,
			);
			runOnlyForDeploymentPostprocessing = 0;
		};
/* End PBXFrameworksBuildPhase section */

/* Begin PBXGroup section */
		23343A32AC5095005E43B8D5 /* Pods */ = {
			isa = PBXGroup;
			children = (
				9A9AFBF59FCC80F55919B9C1 /* Pods-PDFToKeynote.debug.xcconfig */,
				3B6F695D52E13E08A70619DA /* Pods-PDFToKeynote.release.xcconfig */,
			);
			name = Pods;
			sourceTree = "<group>";
		};
		3228E9F2225ABC4B005F923D /* Frameworks */ = {
			isa = PBXGroup;
			children = (
				3228E9F3225ABC4B005F923D /* PDFKit.framework */,
				13B24480D71B5F0564439EC4 /* Pods_PDFToKeynote.framework */,
			);
			name = Frameworks;
			sourceTree = "<group>";
		};
		323F144B225B260A007D3DB3 /* ChromaColorPicker */ = {
			isa = PBXGroup;
			children = (
				323F144C225B260A007D3DB3 /* ChromaShadeSlider.swift */,
				323F144D225B260A007D3DB3 /* UIColor+Utilities.swift */,
				323F144E225B260A007D3DB3 /* ChromaColorPicker.swift */,
				323F144F225B260A007D3DB3 /* ColorModeToggleButton.swift */,
				323F1450225B260A007D3DB3 /* ChromaHandle.swift */,
				323F1451225B260A007D3DB3 /* ChromaAddButton.swift */,
			);
			path = ChromaColorPicker;
			sourceTree = "<group>";
		};
		323F1468225B424E007D3DB3 /* SwiftyAcknowledgements */ = {
			isa = PBXGroup;
			children = (
				323F1469225B424E007D3DB3 /* Acknowledgement.swift */,
				323F146A225B424E007D3DB3 /* AcknowledgementViewController.swift */,
				323F146B225B424E007D3DB3 /* AcknowledgementsTableViewController.swift */,
				323F146C225B424E007D3DB3 /* UIFontDescriptorExtensions.swift */,
			);
			path = SwiftyAcknowledgements;
			sourceTree = "<group>";
		};
		32D9A0CC225AB93500AEC14B = {
			isa = PBXGroup;
			children = (
				32D9A0D7225AB93500AEC14B /* PDFToKeynote */,
				32D9A0D6225AB93500AEC14B /* Products */,
				3228E9F2225ABC4B005F923D /* Frameworks */,
				23343A32AC5095005E43B8D5 /* Pods */,
			);
			sourceTree = "<group>";
		};
		32D9A0D6225AB93500AEC14B /* Products */ = {
			isa = PBXGroup;
			children = (
				32D9A0D5225AB93500AEC14B /* PDFToKeynote.app */,
			);
			name = Products;
			sourceTree = "<group>";
		};
		32D9A0D7225AB93500AEC14B /* PDFToKeynote */ = {
			isa = PBXGroup;
			children = (
				323F1468225B424E007D3DB3 /* SwiftyAcknowledgements */,
				323F144B225B260A007D3DB3 /* ChromaColorPicker */,
				323F1471225B427E007D3DB3 /* Acknowledgements.plist */,
				32D9A0F0225ABAAB00AEC14B /* template_beginning.txt */,
				32D9A0EE225ABAAB00AEC14B /* template_content.txt */,
				32D9A0EF225ABAAB00AEC14B /* template_ending.txt */,
				32D4BABB225C0AFE0030852A /* Converter.swift */,
				32D9A0D8225AB93500AEC14B /* AppDelegate.swift */,
				32D9A0DA225AB93500AEC14B /* DocumentBrowserViewController.swift */,
				32D9A0DC225AB93500AEC14B /* DocumentViewController.swift */,
				32D4BAB9225C09210030852A /* ConverterFloatingPanelLayout.swift */,
				323F1461225B39FE007D3DB3 /* AddWidthHeightViewController.swift */,
				323F145F225B3872007D3DB3 /* PopoverViewController.swift */,
				323F1463225B3D8C007D3DB3 /* UITextField+Shake.h */,
				323F1464225B3D8C007D3DB3 /* UITextField+Shake.m */,
				32BEB7B1225AE12F00F51B0F /* Extensions.swift */,
				32D9A0DE225AB93500AEC14B /* Document.swift */,
				32D9A0E0225AB93500AEC14B /* Main.storyboard */,
				32D9A0E3225AB93700AEC14B /* Assets.xcassets */,
				32D4BAB7225C03120030852A /* ConfigurationViewController.swift */,
				32D9A0E5225AB93700AEC14B /* LaunchScreen.storyboard */,
				32D9A0E8225AB93700AEC14B /* Info.plist */,
				323F1458225B2CEF007D3DB3 /* PDFToKeynote-Bridging-Header.h */,
			);
			path = PDFToKeynote;
			sourceTree = "<group>";
		};
/* End PBXGroup section */

/* Begin PBXNativeTarget section */
		32D9A0D4225AB93500AEC14B /* PDFToKeynote */ = {
			isa = PBXNativeTarget;
			buildConfigurationList = 32D9A0EB225AB93700AEC14B /* Build configuration list for PBXNativeTarget "PDFToKeynote" */;
			buildPhases = (
				17A594D8BBC0A79D444D08F4 /* [CP] Check Pods Manifest.lock */,
				32D9A0D1225AB93500AEC14B /* Sources */,
				32D9A0D2225AB93500AEC14B /* Frameworks */,
				32D9A0D3225AB93500AEC14B /* Resources */,
				650B751DBAE199A0B8D8C5C0 /* [CP] Embed Pods Frameworks */,
			);
			buildRules = (
			);
			dependencies = (
			);
			name = PDFToKeynote;
			productName = PDFToKeynote;
			productReference = 32D9A0D5225AB93500AEC14B /* PDFToKeynote.app */;
			productType = "com.apple.product-type.application";
		};
/* End PBXNativeTarget section */

/* Begin PBXProject section */
		32D9A0CD225AB93500AEC14B /* Project object */ = {
			isa = PBXProject;
			attributes = {
				LastSwiftUpdateCheck = 1010;
				LastUpgradeCheck = 1010;
				ORGANIZATIONNAME = Blue;
				TargetAttributes = {
					32D9A0D4225AB93500AEC14B = {
						CreatedOnToolsVersion = 10.1;
						LastSwiftMigration = 1020;
					};
				};
			};
			buildConfigurationList = 32D9A0D0225AB93500AEC14B /* Build configuration list for PBXProject "PDFToKeynote" */;
			compatibilityVersion = "Xcode 9.3";
			developmentRegion = en;
			hasScannedForEncodings = 0;
			knownRegions = (
				en,
				Base,
			);
			mainGroup = 32D9A0CC225AB93500AEC14B;
			productRefGroup = 32D9A0D6225AB93500AEC14B /* Products */;
			projectDirPath = "";
			projectRoot = "";
			targets = (
				32D9A0D4225AB93500AEC14B /* PDFToKeynote */,
			);
		};
/* End PBXProject section */

/* Begin PBXResourcesBuildPhase section */
		32D9A0D3225AB93500AEC14B /* Resources */ = {
			isa = PBXResourcesBuildPhase;
			buildActionMask = 2147483647;
			files = (
				323F1472225B427E007D3DB3 /* Acknowledgements.plist in Resources */,
				32D9A0F1225ABAAB00AEC14B /* template_content.txt in Resources */,
				32D9A0E7225AB93700AEC14B /* LaunchScreen.storyboard in Resources */,
				32D9A0E4225AB93700AEC14B /* Assets.xcassets in Resources */,
				32D9A0E2225AB93500AEC14B /* Main.storyboard in Resources */,
				32D9A0F3225ABAAB00AEC14B /* template_beginning.txt in Resources */,
				32D9A0F2225ABAAB00AEC14B /* template_ending.txt in Resources */,
			);
			runOnlyForDeploymentPostprocessing = 0;
		};
/* End PBXResourcesBuildPhase section */

/* Begin PBXShellScriptBuildPhase section */
		17A594D8BBC0A79D444D08F4 /* [CP] Check Pods Manifest.lock */ = {
			isa = PBXShellScriptBuildPhase;
			buildActionMask = 2147483647;
			files = (
			);
			inputFileListPaths = (
			);
			inputPaths = (
				"${PODS_PODFILE_DIR_PATH}/Podfile.lock",
				"${PODS_ROOT}/Manifest.lock",
			);
			name = "[CP] Check Pods Manifest.lock";
			outputFileListPaths = (
			);
			outputPaths = (
				"$(DERIVED_FILE_DIR)/Pods-PDFToKeynote-checkManifestLockResult.txt",
			);
			runOnlyForDeploymentPostprocessing = 0;
			shellPath = /bin/sh;
			shellScript = "diff \"${PODS_PODFILE_DIR_PATH}/Podfile.lock\" \"${PODS_ROOT}/Manifest.lock\" > /dev/null\nif [ $? != 0 ] ; then\n    # print error to STDERR\n    echo \"error: The sandbox is not in sync with the Podfile.lock. Run 'pod install' or update your CocoaPods installation.\" >&2\n    exit 1\nfi\n# This output is used by Xcode 'outputs' to avoid re-running this script phase.\necho \"SUCCESS\" > \"${SCRIPT_OUTPUT_FILE_0}\"\n";
			showEnvVarsInLog = 0;
		};
		650B751DBAE199A0B8D8C5C0 /* [CP] Embed Pods Frameworks */ = {
			isa = PBXShellScriptBuildPhase;
			buildActionMask = 2147483647;
			files = (
			);
			inputFileListPaths = (
			);
			inputPaths = (
				"${SRCROOT}/Pods/Target Support Files/Pods-PDFToKeynote/Pods-PDFToKeynote-frameworks.sh",
				"${BUILT_PRODUCTS_DIR}/FloatingPanel/FloatingPanel.framework",
				"${BUILT_PRODUCTS_DIR}/SVProgressHUD/SVProgressHUD.framework",
				"${BUILT_PRODUCTS_DIR}/Zip/Zip.framework",
			);
			name = "[CP] Embed Pods Frameworks";
			outputFileListPaths = (
			);
			outputPaths = (
				"${TARGET_BUILD_DIR}/${FRAMEWORKS_FOLDER_PATH}/FloatingPanel.framework",
				"${TARGET_BUILD_DIR}/${FRAMEWORKS_FOLDER_PATH}/SVProgressHUD.framework",
				"${TARGET_BUILD_DIR}/${FRAMEWORKS_FOLDER_PATH}/Zip.framework",
			);
			runOnlyForDeploymentPostprocessing = 0;
			shellPath = /bin/sh;
			shellScript = "\"${SRCROOT}/Pods/Target Support Files/Pods-PDFToKeynote/Pods-PDFToKeynote-frameworks.sh\"\n";
			showEnvVarsInLog = 0;
		};
/* End PBXShellScriptBuildPhase section */

/* Begin PBXSourcesBuildPhase section */
		32D9A0D1225AB93500AEC14B /* Sources */ = {
			isa = PBXSourcesBuildPhase;
			buildActionMask = 2147483647;
			files = (
				323F1452225B260A007D3DB3 /* ChromaShadeSlider.swift in Sources */,
				323F1454225B260A007D3DB3 /* ChromaColorPicker.swift in Sources */,
				323F1470225B424E007D3DB3 /* UIFontDescriptorExtensions.swift in Sources */,
				323F1460225B3872007D3DB3 /* PopoverViewController.swift in Sources */,
				323F146D225B424E007D3DB3 /* Acknowledgement.swift in Sources */,
				323F1455225B260A007D3DB3 /* ColorModeToggleButton.swift in Sources */,
				32BEB7B2225AE12F00F51B0F /* Extensions.swift in Sources */,
				32D9A0DF225AB93500AEC14B /* Document.swift in Sources */,
				323F1456225B260A007D3DB3 /* ChromaHandle.swift in Sources */,
				32D9A0DD225AB93500AEC14B /* DocumentViewController.swift in Sources */,
				32D4BABC225C0AFE0030852A /* Converter.swift in Sources */,
				323F1453225B260A007D3DB3 /* UIColor+Utilities.swift in Sources */,
				32D9A0DB225AB93500AEC14B /* DocumentBrowserViewController.swift in Sources */,
				323F1462225B39FE007D3DB3 /* AddWidthHeightViewController.swift in Sources */,
				32D9A0D9225AB93500AEC14B /* AppDelegate.swift in Sources */,
				323F146E225B424E007D3DB3 /* AcknowledgementViewController.swift in Sources */,
				323F146F225B424E007D3DB3 /* AcknowledgementsTableViewController.swift in Sources */,
				32D4BAB8225C03120030852A /* ConfigurationViewController.swift in Sources */,
				323F1457225B260A007D3DB3 /* ChromaAddButton.swift in Sources */,
				323F1465225B3D8C007D3DB3 /* UITextField+Shake.m in Sources */,
				32D4BABA225C09210030852A /* ConverterFloatingPanelLayout.swift in Sources */,
			);
			runOnlyForDeploymentPostprocessing = 0;
		};
/* End PBXSourcesBuildPhase section */

/* Begin PBXVariantGroup section */
		32D9A0E0225AB93500AEC14B /* Main.storyboard */ = {
			isa = PBXVariantGroup;
			children = (
				32D9A0E1225AB93500AEC14B /* Base */,
			);
			name = Main.storyboard;
			sourceTree = "<group>";
		};
		32D9A0E5225AB93700AEC14B /* LaunchScreen.storyboard */ = {
			isa = PBXVariantGroup;
			children = (
				32D9A0E6225AB93700AEC14B /* Base */,
			);
			name = LaunchScreen.storyboard;
			sourceTree = "<group>";
		};
/* End PBXVariantGroup section */

/* Begin XCBuildConfiguration section */
		32D9A0E9225AB93700AEC14B /* Debug */ = {
			isa = XCBuildConfiguration;
			buildSettings = {
				ALWAYS_SEARCH_USER_PATHS = NO;
				CLANG_ANALYZER_NONNULL = YES;
				CLANG_ANALYZER_NUMBER_OBJECT_CONVERSION = YES_AGGRESSIVE;
				CLANG_CXX_LANGUAGE_STANDARD = "gnu++14";
				CLANG_CXX_LIBRARY = "libc++";
				CLANG_ENABLE_MODULES = YES;
				CLANG_ENABLE_OBJC_ARC = YES;
				CLANG_ENABLE_OBJC_WEAK = YES;
				CLANG_WARN_BLOCK_CAPTURE_AUTORELEASING = YES;
				CLANG_WARN_BOOL_CONVERSION = YES;
				CLANG_WARN_COMMA = YES;
				CLANG_WARN_CONSTANT_CONVERSION = YES;
				CLANG_WARN_DEPRECATED_OBJC_IMPLEMENTATIONS = YES;
				CLANG_WARN_DIRECT_OBJC_ISA_USAGE = YES_ERROR;
				CLANG_WARN_DOCUMENTATION_COMMENTS = YES;
				CLANG_WARN_EMPTY_BODY = YES;
				CLANG_WARN_ENUM_CONVERSION = YES;
				CLANG_WARN_INFINITE_RECURSION = YES;
				CLANG_WARN_INT_CONVERSION = YES;
				CLANG_WARN_NON_LITERAL_NULL_CONVERSION = YES;
				CLANG_WARN_OBJC_IMPLICIT_RETAIN_SELF = YES;
				CLANG_WARN_OBJC_LITERAL_CONVERSION = YES;
				CLANG_WARN_OBJC_ROOT_CLASS = YES_ERROR;
				CLANG_WARN_RANGE_LOOP_ANALYSIS = YES;
				CLANG_WARN_STRICT_PROTOTYPES = YES;
				CLANG_WARN_SUSPICIOUS_MOVE = YES;
				CLANG_WARN_UNGUARDED_AVAILABILITY = YES_AGGRESSIVE;
				CLANG_WARN_UNREACHABLE_CODE = YES;
				CLANG_WARN__DUPLICATE_METHOD_MATCH = YES;
				CODE_SIGN_IDENTITY = "iPhone Developer";
				COPY_PHASE_STRIP = NO;
				DEBUG_INFORMATION_FORMAT = dwarf;
				ENABLE_STRICT_OBJC_MSGSEND = YES;
				ENABLE_TESTABILITY = YES;
				GCC_C_LANGUAGE_STANDARD = gnu11;
				GCC_DYNAMIC_NO_PIC = NO;
				GCC_NO_COMMON_BLOCKS = YES;
				GCC_OPTIMIZATION_LEVEL = 0;
				GCC_PREPROCESSOR_DEFINITIONS = (
					"DEBUG=1",
					"$(inherited)",
				);
				GCC_WARN_64_TO_32_BIT_CONVERSION = YES;
				GCC_WARN_ABOUT_RETURN_TYPE = YES_ERROR;
				GCC_WARN_UNDECLARED_SELECTOR = YES;
				GCC_WARN_UNINITIALIZED_AUTOS = YES_AGGRESSIVE;
				GCC_WARN_UNUSED_FUNCTION = YES;
				GCC_WARN_UNUSED_VARIABLE = YES;
				IPHONEOS_DEPLOYMENT_TARGET = 12.1;
				MTL_ENABLE_DEBUG_INFO = INCLUDE_SOURCE;
				MTL_FAST_MATH = YES;
				ONLY_ACTIVE_ARCH = YES;
				SDKROOT = iphoneos;
				SWIFT_ACTIVE_COMPILATION_CONDITIONS = DEBUG;
				SWIFT_OPTIMIZATION_LEVEL = "-Onone";
			};
			name = Debug;
		};
		32D9A0EA225AB93700AEC14B /* Release */ = {
			isa = XCBuildConfiguration;
			buildSettings = {
				ALWAYS_SEARCH_USER_PATHS = NO;
				CLANG_ANALYZER_NONNULL = YES;
				CLANG_ANALYZER_NUMBER_OBJECT_CONVERSION = YES_AGGRESSIVE;
				CLANG_CXX_LANGUAGE_STANDARD = "gnu++14";
				CLANG_CXX_LIBRARY = "libc++";
				CLANG_ENABLE_MODULES = YES;
				CLANG_ENABLE_OBJC_ARC = YES;
				CLANG_ENABLE_OBJC_WEAK = YES;
				CLANG_WARN_BLOCK_CAPTURE_AUTORELEASING = YES;
				CLANG_WARN_BOOL_CONVERSION = YES;
				CLANG_WARN_COMMA = YES;
				CLANG_WARN_CONSTANT_CONVERSION = YES;
				CLANG_WARN_DEPRECATED_OBJC_IMPLEMENTATIONS = YES;
				CLANG_WARN_DIRECT_OBJC_ISA_USAGE = YES_ERROR;
				CLANG_WARN_DOCUMENTATION_COMMENTS = YES;
				CLANG_WARN_EMPTY_BODY = YES;
				CLANG_WARN_ENUM_CONVERSION = YES;
				CLANG_WARN_INFINITE_RECURSION = YES;
				CLANG_WARN_INT_CONVERSION = YES;
				CLANG_WARN_NON_LITERAL_NULL_CONVERSION = YES;
				CLANG_WARN_OBJC_IMPLICIT_RETAIN_SELF = YES;
				CLANG_WARN_OBJC_LITERAL_CONVERSION = YES;
				CLANG_WARN_OBJC_ROOT_CLASS = YES_ERROR;
				CLANG_WARN_RANGE_LOOP_ANALYSIS = YES;
				CLANG_WARN_STRICT_PROTOTYPES = YES;
				CLANG_WARN_SUSPICIOUS_MOVE = YES;
				CLANG_WARN_UNGUARDED_AVAILABILITY = YES_AGGRESSIVE;
				CLANG_WARN_UNREACHABLE_CODE = YES;
				CLANG_WARN__DUPLICATE_METHOD_MATCH = YES;
				CODE_SIGN_IDENTITY = "iPhone Developer";
				COPY_PHASE_STRIP = NO;
				DEBUG_INFORMATION_FORMAT = "dwarf-with-dsym";
				ENABLE_NS_ASSERTIONS = NO;
				ENABLE_STRICT_OBJC_MSGSEND = YES;
				GCC_C_LANGUAGE_STANDARD = gnu11;
				GCC_NO_COMMON_BLOCKS = YES;
				GCC_WARN_64_TO_32_BIT_CONVERSION = YES;
				GCC_WARN_ABOUT_RETURN_TYPE = YES_ERROR;
				GCC_WARN_UNDECLARED_SELECTOR = YES;
				GCC_WARN_UNINITIALIZED_AUTOS = YES_AGGRESSIVE;
				GCC_WARN_UNUSED_FUNCTION = YES;
				GCC_WARN_UNUSED_VARIABLE = YES;
				IPHONEOS_DEPLOYMENT_TARGET = 12.1;
				MTL_ENABLE_DEBUG_INFO = NO;
				MTL_FAST_MATH = YES;
				SDKROOT = iphoneos;
				SWIFT_COMPILATION_MODE = wholemodule;
				SWIFT_OPTIMIZATION_LEVEL = "-O";
				VALIDATE_PRODUCT = YES;
			};
			name = Release;
		};
		32D9A0EC225AB93700AEC14B /* Debug */ = {
			isa = XCBuildConfiguration;
			baseConfigurationReference = 9A9AFBF59FCC80F55919B9C1 /* Pods-PDFToKeynote.debug.xcconfig */;
			buildSettings = {
				ASSETCATALOG_COMPILER_APPICON_NAME = AppIcon;
				CLANG_ENABLE_MODULES = YES;
				CODE_SIGN_STYLE = Automatic;
				DEVELOPMENT_TEAM = 3Q7XKEDZ36;
				INFOPLIST_FILE = PDFToKeynote/Info.plist;
				IPHONEOS_DEPLOYMENT_TARGET = 11.0;
				LD_RUNPATH_SEARCH_PATHS = (
					"$(inherited)",
					"@executable_path/Frameworks",
				);
				PRODUCT_BUNDLE_IDENTIFIER = com.blue.PDFToKeynote;
				PRODUCT_NAME = "$(TARGET_NAME)";
				SWIFT_OBJC_BRIDGING_HEADER = "PDFToKeynote/PDFToKeynote-Bridging-Header.h";
				SWIFT_OPTIMIZATION_LEVEL = "-Onone";
				SWIFT_VERSION = 5.0;
				TARGETED_DEVICE_FAMILY = "1,2";
			};
			name = Debug;
		};
		32D9A0ED225AB93700AEC14B /* Release */ = {
			isa = XCBuildConfiguration;
			baseConfigurationReference = 3B6F695D52E13E08A70619DA /* Pods-PDFToKeynote.release.xcconfig */;
			buildSettings = {
				ASSETCATALOG_COMPILER_APPICON_NAME = AppIcon;
				CLANG_ENABLE_MODULES = YES;
				CODE_SIGN_STYLE = Automatic;
				DEVELOPMENT_TEAM = 3Q7XKEDZ36;
				INFOPLIST_FILE = PDFToKeynote/Info.plist;
				IPHONEOS_DEPLOYMENT_TARGET = 11.0;
				LD_RUNPATH_SEARCH_PATHS = (
					"$(inherited)",
					"@executable_path/Frameworks",
				);
				PRODUCT_BUNDLE_IDENTIFIER = com.blue.PDFToKeynote;
				PRODUCT_NAME = "$(TARGET_NAME)";
				SWIFT_OBJC_BRIDGING_HEADER = "PDFToKeynote/PDFToKeynote-Bridging-Header.h";
				SWIFT_VERSION = 5.0;
				TARGETED_DEVICE_FAMILY = "1,2";
			};
			name = Release;
		};
/* End XCBuildConfiguration section */

/* Begin XCConfigurationList section */
		32D9A0D0225AB93500AEC14B /* Build configuration list for PBXProject "PDFToKeynote" */ = {
			isa = XCConfigurationList;
			buildConfigurations = (
				32D9A0E9225AB93700AEC14B /* Debug */,
				32D9A0EA225AB93700AEC14B /* Release */,
			);
			defaultConfigurationIsVisible = 0;
			defaultConfigurationName = Release;
		};
		32D9A0EB225AB93700AEC14B /* Build configuration list for PBXNativeTarget "PDFToKeynote" */ = {
			isa = XCConfigurationList;
			buildConfigurations = (
				32D9A0EC225AB93700AEC14B /* Debug */,
				32D9A0ED225AB93700AEC14B /* Release */,
			);
			defaultConfigurationIsVisible = 0;
			defaultConfigurationName = Release;
		};
/* End XCConfigurationList section */
	};
	rootObject = 32D9A0CD225AB93500AEC14B /* Project object */;
}
